# THIS IS AN AUTOGENERATED FILE. DO NOT EDIT THIS FILE DIRECTLY.
# yarn lockfile v1


"@tensorflow-models/coco-ssd@^1.0.0":
  version "1.0.0"
  resolved "https://registry.yarnpkg.com/@tensorflow-models/coco-ssd/-/coco-ssd-1.0.0.tgz#29acf8c1d5aeb0bde5c0f9f87fb718e9f2b87bd1"
  integrity sha512-j6fpkBWD8f8Qi0jgnJ4SM4uJr7bfq281rRyrUEszO8k/Jfzi6Mnsd9vTtBvv3SPTLYaJGsZHOBjzUsW4z1XWXg==

"@tensorflow/tfjs-converter@1.0.4":
  version "1.0.4"
  resolved "https://registry.yarnpkg.com/@tensorflow/tfjs-converter/-/tfjs-converter-1.0.4.tgz#824f546bf47ceaedf7affbadff3bdd151b530066"
  integrity sha512-r619cIleJy9btVN12KoFCi0HIgi4qzzgxjxQCDxaVgi7Axas7MwBtAKGTZppR4+eK7eLOVYT1ah95JUDdFNGRw==

"@tensorflow/tfjs-core@1.0.4":
  version "1.0.4"
  resolved "https://registry.yarnpkg.com/@tensorflow/tfjs-core/-/tfjs-core-1.0.4.tgz#98365d04d179b3244ec59a270ec5e31e21de3b35"
  integrity sha512-PpdrCozkvRx3hFyHogZFjbZUmE1t/SB/iiE8yj195aCy3X2D8T66+aLS2iUkdU2tr+1bccyvPkBktwX6/lKtAw==
  dependencies:
    "@types/seedrandom" "2.4.27"
    "@types/webgl-ext" "0.0.30"
    "@types/webgl2" "0.0.4"
    seedrandom "2.4.3"

"@tensorflow/tfjs-data@1.0.4":
  version "1.0.4"
  resolved "https://registry.yarnpkg.com/@tensorflow/tfjs-data/-/tfjs-data-1.0.4.tgz#1229a3217b529933a97b577004c95dce060a49e7"
  integrity sha512-Rf7M8ctirYfuKh+hu96pXi6g6yChEEELOvlCa1ta4JWqbQhpsu77DL7SrEtKeWzL+aD/GdCxmwuyofSnRSO7JA==
  dependencies:
    "@types/node-fetch" "^2.1.2"
    node-fetch "~2.1.2"

"@tensorflow/tfjs-layers@1.0.4":
  version "1.0.4"
  resolved "https://registry.yarnpkg.com/@tensorflow/tfjs-layers/-/tfjs-layers-1.0.4.tgz#4ebeb3183b3705f7dd00f1cd47a33ff3a0c46213"
  integrity sha512-X/iH0dh7AODZO1k44cx0YO19kHAItgUc9LEf5ZYH7bWaqrL0O+J4JYONqW5xzjLHunOFkKsvtNvZi9hIyemjGA==

"@tensorflow/tfjs@^1.0.4":
  version "1.0.4"
  resolved "https://registry.yarnpkg.com/@tensorflow/tfjs/-/tfjs-1.0.4.tgz#b571df49419e46753c6aa054d32c10787e83d928"
  integrity sha512-lTKYfk8VHG/acun7xRWz/A8FFsf2FK6aI0TvKrenmiaW4OZue8BYrFNbhLKdscSaEGvYZ7/RFWaOQkA2nrcI3Q==
  dependencies:
    "@tensorflow/tfjs-converter" "1.0.4"
    "@tensorflow/tfjs-core" "1.0.4"
    "@tensorflow/tfjs-data" "1.0.4"
    "@tensorflow/tfjs-layers" "1.0.4"

"@types/node-fetch@^2.1.2":
  version "2.3.0"
  resolved "https://registry.yarnpkg.com/@types/node-fetch/-/node-fetch-2.3.0.tgz#d1da24d56e9f1774a0e50a93cc8ee2a7922f4f0e"
  integrity sha512-8hiAWrp7m9c0+LWLSMrUdPAoTJogvarqUdpQsyV9BlWnxVHTpdopNW0ldB4H8s/G4dg/KJLpqJIMb0GaZDf8/Q==
  dependencies:
    "@types/node" "*"

"@types/node@*":
  version "11.13.0"
  resolved "https://registry.yarnpkg.com/@types/node/-/node-11.13.0.tgz#b0df8d6ef9b5001b2be3a94d909ce3c29a80f9e1"
  integrity sha512-rx29MMkRdVmzunmiA4lzBYJNnXsW/PhG4kMBy2ATsYaDjGGR75dCFEVVROKpNwlVdcUX3xxlghKQOeDPBJobng==

"@types/seedrandom@2.4.27":
  version "2.4.27"
  resolved "https://registry.yarnpkg.com/@types/seedrandom/-/seedrandom-2.4.27.tgz#9db563937dd86915f69092bc43259d2f48578e41"
  integrity sha1-nbVjk33YaRX2kJK8QyWdL0hXjkE=

"@types/webgl-ext@0.0.30":
  version "0.0.30"
  resolved "https://registry.yarnpkg.com/@types/webgl-ext/-/webgl-ext-0.0.30.tgz#0ce498c16a41a23d15289e0b844d945b25f0fb9d"
  integrity sha512-LKVgNmBxN0BbljJrVUwkxwRYqzsAEPcZOe6S2T6ZaBDIrFp0qu4FNlpc5sM1tGbXUYFgdVQIoeLk1Y1UoblyEg==

"@types/webgl2@0.0.4":
  version "0.0.4"
  resolved "https://registry.yarnpkg.com/@types/webgl2/-/webgl2-0.0.4.tgz#c3b0f9d6b465c66138e84e64cb3bdf8373c2c279"
  integrity sha512-PACt1xdErJbMUOUweSrbVM7gSIYm1vTncW2hF6Os/EeWi6TXYAYMPp+8v6rzHmypE5gHrxaxZNXgMkJVIdZpHw==

node-fetch@~2.1.2:
  version "2.1.2"
  resolved "https://registry.yarnpkg.com/node-fetch/-/node-fetch-2.1.2.tgz#ab884e8e7e57e38a944753cec706f788d1768bb5"
  integrity sha1-q4hOjn5X44qUR1POxwb3iNF2i7U=

seedrandom@2.4.3:
  version "2.4.3"
  resolved "https://registry.yarnpkg.com/seedrandom/-/seedrandom-2.4.3.tgz#2438504dad33917314bff18ac4d794f16d6aaecc"
  integrity sha1-JDhQTa0zkXMUv/GKxNeU8W1qrsw=
